
Microsoft Visual Studio Solution File, Format Version 12.00
# Visual Studio Version 17
VisualStudioVersion = 17.3.32901.215
MinimumVisualStudioVersion = 10.0.40219.1
Project("{FAE04EC0-301F-11D3-BF4B-00C04F79EFBC}") = "U10", "U10\U10.csproj", "{A6380282-0D6F-4A75-997B-9024EF12B9A9}"
EndProject
Global
	GlobalSection(SolutionConfigurationPlatforms) = preSolution
		Debug|Any CPU = Debug|Any CPU
		Release|Any CPU = Release|Any CPU
	EndGlobalSection
	GlobalSection(ProjectConfigurationPlatforms) = postSolution
		{A6380282-0D6F-4A75-997B-9024EF12B9A9}.Debug|Any CPU.ActiveCfg = Debug|Any CPU
		{A6380282-0D6F-4A75-997B-9024EF12B9A9}.Debug|Any CPU.Build.0 = Debug|Any CPU
		{A6380282-0D6F-4A75-997B-9024EF12B9A9}.Release|Any CPU.ActiveCfg = Release|Any CPU
		{A6380282-0D6F-4A75-997B-9024EF12B9A9}.Release|Any CPU.Build.0 = Release|Any CPU
	EndGlobalSection
	GlobalSection(SolutionProperties) = preSolution
		HideSolutionNode = FALSE
	EndGlobalSection
	GlobalSection(ExtensibilityGlobals) = postSolution
		SolutionGuid = {D059081D-90A7-4FBF-B529-7A23CB3E1C0B}
	EndGlobalSection
EndGlobal
